# This file is generated by running "yarn install" inside your project.
# Manual changes might be lost - proceed with caution!

__metadata:
  version: 8
  cacheKey: 10c0

"@esbuild/aix-ppc64@npm:0.28.1":
  version: 0.28.1
  resolution: "@esbuild/aix-ppc64@npm:0.28.1"
  conditions: os=aix & cpu=ppc64
  languageName: node
  linkType: hard

"@esbuild/android-arm64@npm:0.28.1":
  version: 0.28.1
  resolution: "@esbuild/android-arm64@npm:0.28.1"
  conditions: os=android & cpu=arm64
  languageName: node
  linkType: hard

"@esbuild/android-arm@npm:0.28.1":
  version: 0.28.1
  resolution: "@esbuild/android-arm@npm:0.28.1"
  conditions: os=android & cpu=arm
  languageName: node
  linkType: hard

"@esbuild/android-x64@npm:0.28.1":
  version: 0.28.1
  resolution: "@esbuild/android-x64@npm:0.28.1"
  conditions: os=android & cpu=x64
  languageName: node
  linkType: hard

"@esbuild/darwin-arm64@npm:0.28.1":
  version: 0.28.1
  resolution: "@esbuild/darwin-arm64@npm:0.28.1"
  conditions: os=darwin & cpu=arm64
  languageName: node
  linkType: hard

"@esbuild/darwin-x64@npm:0.28.1":
  version: 0.28.1
  resolution: "@esbuild/darwin-x64@npm:0.28.1"
  conditions: os=darwin & cpu=x64
  languageName: node
  linkType: hard

"@esbuild/freebsd-arm64@npm:0.28.1":
  version: 0.28.1
  resolution: "@esbuild/freebsd-arm64@npm:0.28.1"
  conditions: os=freebsd & cpu=arm64
  languageName: node
  linkType: hard

"@esbuild/freebsd-x64@npm:0.28.1":
  version: 0.28.1
  resolution: "@esbuild/freebsd-x64@npm:0.28.1"
  conditions: os=freebsd & cpu=x64
  languageName: node
  linkType: hard

"@esbuild/linux-arm64@npm:0.28.1":
  version: 0.28.1
  resolution: "@esbuild/linux-arm64@npm:0.28.1"
  conditions: os=linux & cpu=arm64
  languageName: node
  linkType: hard

"@esbuild/linux-arm@npm:0.28.1":
  version: 0.28.1
  resolution: "@esbuild/linux-arm@npm:0.28.1"
  conditions: os=linux & cpu=arm
  languageName: node
  linkType: hard

"@esbuild/linux-ia32@npm:0.28.1":
  version: 0.28.1
  resolution: "@esbuild/linux-ia32@npm:0.28.1"
  conditions: os=linux & cpu=ia32
  languageName: node
  linkType: hard

"@esbuild/linux-loong64@npm:0.28.1":
  version: 0.28.1
  resolution: "@esbuild/linux-loong64@npm:0.28.1"
  conditions: os=linux & cpu=loong64
  languageName: node
  linkType: hard

"@esbuild/linux-mips64el@npm:0.28.1":
  version: 0.28.1
  resolution: "@esbuild/linux-mips64el@npm:0.28.1"
  conditions: os=linux & cpu=mips64el
  languageName: node
  linkType: hard

"@esbuild/linux-ppc64@npm:0.28.1":
  version: 0.28.1
  resolution: "@esbuild/linux-ppc64@npm:0.28.1"
  conditions: os=linux & cpu=ppc64
  languageName: node
  linkType: hard

"@esbuild/linux-riscv64@npm:0.28.1":
  version: 0.28.1
  resolution: "@esbuild/linux-riscv64@npm:0.28.1"
  conditions: os=linux & cpu=riscv64
  languageName: node
  linkType: hard

"@esbuild/linux-s390x@npm:0.28.1":
  version: 0.28.1
  resolution: "@esbuild/linux-s390x@npm:0.28.1"
  conditions: os=linux & cpu=s390x
  languageName: node
  linkType: hard

"@esbuild/linux-x64@npm:0.28.1":
  version: 0.28.1
  resolution: "@esbuild/linux-x64@npm:0.28.1"
  conditions: os=linux & cpu=x64
  languageName: node
  linkType: hard

"@esbuild/netbsd-arm64@npm:0.28.1":
  version: 0.28.1
  resolution: "@esbuild/netbsd-arm64@npm:0.28.1"
  conditions: os=netbsd & cpu=arm64
  languageName: node
  linkType: hard

"@esbuild/netbsd-x64@npm:0.28.1":
  version: 0.28.1
  resolution: "@esbuild/netbsd-x64@npm:0.28.1"
  conditions: os=netbsd & cpu=x64
  languageName: node
  linkType: hard

"@esbuild/openbsd-arm64@npm:0.28.1":
  version: 0.28.1
  resolution: "@esbuild/openbsd-arm64@npm:0.28.1"
  conditions: os=openbsd & cpu=arm64
  languageName: node
  linkType: hard

"@esbuild/openbsd-x64@npm:0.28.1":
  version: 0.28.1
  resolution: "@esbuild/openbsd-x64@npm:0.28.1"
  conditions: os=openbsd & cpu=x64
  languageName: node
  linkType: hard

"@esbuild/openharmony-arm64@npm:0.28.1":
  version: 0.28.1
  resolution: "@esbuild/openharmony-arm64@npm:0.28.1"
  conditions: os=openharmony & cpu=arm64
  languageName: node
  linkType: hard

"@esbuild/sunos-x64@npm:0.28.1":
  version: 0.28.1
  resolution: "@esbuild/sunos-x64@npm:0.28.1"
  conditions: os=sunos & cpu=x64
  languageName: node
  linkType: hard

"@esbuild/win32-arm64@npm:0.28.1":
  version: 0.28.1
  resolution: "@esbuild/win32-arm64@npm:0.28.1"
  conditions: os=win32 & cpu=arm64
  languageName: node
  linkType: hard

"@esbuild/win32-ia32@npm:0.28.1":
  version: 0.28.1
  resolution: "@esbuild/win32-ia32@npm:0.28.1"
  conditions: os=win32 & cpu=ia32
  languageName: node
  linkType: hard

"@esbuild/win32-x64@npm:0.28.1":
  version: 0.28.1
  resolution: "@esbuild/win32-x64@npm:0.28.1"
  conditions: os=win32 & cpu=x64
  languageName: node
  linkType: hard

"@fastify/ajv-compiler@npm:^4.0.5":
  version: 4.0.5
  resolution: "@fastify/ajv-compiler@npm:4.0.5"
  dependencies:
    ajv: "npm:^8.12.0"
    ajv-formats: "npm:^3.0.1"
    fast-uri: "npm:^3.0.0"
  checksum: 10c0/b701602c5fad35d1327a6ebda530ca5ba2c7728223cd214b2b24af7cb2522c864b6cbbe77335ddd6a55d03f76899fb009386da783121b7ece136feb7ea937e13
  languageName: node
  linkType: hard

"@fastify/error@npm:^4.0.0":
  version: 4.2.0
  resolution: "@fastify/error@npm:4.2.0"
  checksum: 10c0/8bdafe95b368a71dfc5644ef22e0a2412dfbb2f300cf4658fdbd9035c96d7c034c53fd7d38e1150437d9cf7a2d75e6bd05e458cf9ba5f2e47e527df8a5e0bd4e
  languageName: node
  linkType: hard

"@fastify/fast-json-stringify-compiler@npm:^5.0.0":
  version: 5.0.3
  resolution: "@fastify/fast-json-stringify-compiler@npm:5.0.3"
  dependencies:
    fast-json-stringify: "npm:^6.0.0"
  checksum: 10c0/1f0e33c973fc228de44d997a8a1a43e883a580a8c971773bb9cb2375b0114694f81b47c52ac7e788eb6372d1f3dfc10be3176bad354a80d502d8b26a93dbc6c9
  languageName: node
  linkType: hard

"@fastify/forwarded@npm:^3.0.0":
  version: 3.0.1
  resolution: "@fastify/forwarded@npm:3.0.1"
  checksum: 10c0/fad9f7fb7ff4bf2f8ba782f79d46de190469817ed1bd55dc789927c381a38e63b53ab8c127d9444d703a449c5393529533bea365a25f6eb85a5ecbc78460be2a
  languageName: node
  linkType: hard

"@fastify/merge-json-schemas@npm:^0.2.0":
  version: 0.2.1
  resolution: "@fastify/merge-json-schemas@npm:0.2.1"
  dependencies:
    dequal: "npm:^2.0.3"
  checksum: 10c0/dfa884a8f62d53f71de273fdcd0e501b213367767a7d8c522ae87ba6fb571b3eea85175d6e019036d7c0c5419be60305abe54899b9459f76ed5333358699efcb
  languageName: node
  linkType: hard

"@fastify/proxy-addr@npm:^5.0.0":
  version: 5.1.0
  resolution: "@fastify/proxy-addr@npm:5.1.0"
  dependencies:
    "@fastify/forwarded": "npm:^3.0.0"
    ipaddr.js: "npm:^2.1.0"
  checksum: 10c0/d9167e848086cb66a0ae8b008eb6a79e9ae0e17c3e8697a3a22b23152376e22843bea6642a2c07eba5460faa786ebda6157dfa6537ac7b733f758428cd51988b
  languageName: node
  linkType: hard

"@isaacs/fs-minipass@npm:^4.0.0":
  version: 4.0.1
  resolution: "@isaacs/fs-minipass@npm:4.0.1"
  dependencies:
    minipass: "npm:^7.0.4"
  checksum: 10c0/c25b6dc1598790d5b55c0947a9b7d111cfa92594db5296c3b907e2f533c033666f692a3939eadac17b1c7c40d362d0b0635dc874cbfe3e70db7c2b07cc97a5d2
  languageName: node
  linkType: hard

"@mongodb-js/saslprep@npm:^1.3.0":
  version: 1.4.11
  resolution: "@mongodb-js/saslprep@npm:1.4.11"
  dependencies:
    sparse-bitfield: "npm:^3.0.3"
  checksum: 10c0/fd80e94bcb0ae6330c4ad9873f429be08baf5d840b757b4feb377bd0e127d8338f898e7f887aceb9a7712a39756d10ab0634ec1096a2d30b2c7cbd62e2499fee
  languageName: node
  linkType: hard

"@pinojs/redact@npm:^0.4.0":
  version: 0.4.0
  resolution: "@pinojs/redact@npm:0.4.0"
  checksum: 10c0/4b311ba17ee0cf154ff9c39eb063ec04cd0d0017cb3750efcdf06c2d485df3e1095e13e872175993568c5568c23e4508dd877c981bbc9c5ae5e384d569efcdff
  languageName: node
  linkType: hard

"@types/node@npm:^26.0.1":
  version: 26.0.1
  resolution: "@types/node@npm:26.0.1"
  dependencies:
    undici-types: "npm:~8.3.0"
  checksum: 10c0/31d204333c70124da6bcac7d1f27d8980149fe3f95a8419bfcd19c3e5823705c0e370d71ac34399352e1263b2d5fc41c87af964ec81e5a05a32224d65d8d224e
  languageName: node
  linkType: hard

"@types/webidl-conversions@npm:*":
  version: 7.0.3
  resolution: "@types/webidl-conversions@npm:7.0.3"
  checksum: 10c0/ac2ccff93b95ac7c8ca73dc6064403181691bba7ea144296f462dc9108a07be16cbad7b9c704b3df706dcc5a117e1f7bf7fb27aeb75b09c0f3148de8aee11aff
  languageName: node
  linkType: hard

"@types/whatwg-url@npm:^13.0.0":
  version: 13.0.0
  resolution: "@types/whatwg-url@npm:13.0.0"
  dependencies:
    "@types/webidl-conversions": "npm:*"
  checksum: 10c0/b7b53ae7b5290a0c26e2a5c6a2353af925fe9fc7ab0bbf642e8b76f65b39f638b471dadfda8da441aed3ca32cafd33b1a03459117c9ec85fd91b1e6c0e93044e
  languageName: node
  linkType: hard

"abbrev@npm:^5.0.0":
  version: 5.0.0
  resolution: "abbrev@npm:5.0.0"
  checksum: 10c0/8e88f5c798ea4562d28c5a3e9ad69e3879890bc5d695d8f2dffb8609be4c890aacc8f80ef4553fdd2c6a62d70c2ce8bc57b38074e383beb7487bdafa9ed42ea5
  languageName: node
  linkType: hard

"abstract-logging@npm:^2.0.1":
  version: 2.0.1
  resolution: "abstract-logging@npm:2.0.1"
  checksum: 10c0/304879d9babcf6772260e5ddde632e6428e1f42f7a7a116d4689e97ad813a20e0ec2dd1e0a122f3617557f40091b9ca85735de4b48c17a2041268cb47b3f8ef1
  languageName: node
  linkType: hard

"ajv-formats@npm:^3.0.1":
  version: 3.0.1
  resolution: "ajv-formats@npm:3.0.1"
  dependencies:
    ajv: "npm:^8.0.0"
  peerDependencies:
    ajv: ^8.0.0
  peerDependenciesMeta:
    ajv:
      optional: true
  checksum: 10c0/168d6bca1ea9f163b41c8147bae537e67bd963357a5488a1eaf3abe8baa8eec806d4e45f15b10767e6020679315c7e1e5e6803088dfb84efa2b4e9353b83dd0a
  languageName: node
  linkType: hard

"ajv@npm:^8.0.0, ajv@npm:^8.12.0":
  version: 8.20.0
  resolution: "ajv@npm:8.20.0"
  dependencies:
    fast-deep-equal: "npm:^3.1.3"
    fast-uri: "npm:^3.0.1"
    json-schema-traverse: "npm:^1.0.0"
    require-from-string: "npm:^2.0.2"
  checksum: 10c0/5df9a1c8f83863cde1bd3a9ddb426f599718f88e3dc9153616c79fb28e0be455335830d7f21d745576519f057b371352daa31047b6a33d7036fe08777d60cf2a
  languageName: node
  linkType: hard

"atomic-sleep@npm:^1.0.0":
  version: 1.0.0
  resolution: "atomic-sleep@npm:1.0.0"
  checksum: 10c0/e329a6665512736a9bbb073e1761b4ec102f7926cce35037753146a9db9c8104f5044c1662e4a863576ce544fb8be27cd2be6bc8c1a40147d03f31eb1cfb6e8a
  languageName: node
  linkType: hard

"avvio@npm:^9.0.0":
  version: 9.2.0
  resolution: "avvio@npm:9.2.0"
  dependencies:
    "@fastify/error": "npm:^4.0.0"
    fastq: "npm:^1.17.1"
  checksum: 10c0/ebeb1613a507d001922a3a2763336191da731bbd9df93f67d51b08fc98549e14499b058e008220d5df3354e0f14316cfa57107198caf09df6c8ba42c94ce9f51
  languageName: node
  linkType: hard

"bson@npm:^7.2.0":
  version: 7.3.1
  resolution: "bson@npm:7.3.1"
  checksum: 10c0/1fead90b1081704a1844c959320a81669a85aa896eb654913c81ee6f3001c5645cd33f88b37538e3359432129d1b73a98edd8ba2b146e9c82a7f9269f1e73a06
  languageName: node
  linkType: hard

"chownr@npm:^3.0.0":
  version: 3.0.0
  resolution: "chownr@npm:3.0.0"
  checksum: 10c0/43925b87700f7e3893296c8e9c56cc58f926411cce3a6e5898136daaf08f08b9a8eb76d37d3267e707d0dcc17aed2e2ebdf5848c0c3ce95cf910a919935c1b10
  languageName: node
  linkType: hard

"cookie@npm:^1.0.1":
  version: 1.1.1
  resolution: "cookie@npm:1.1.1"
  checksum: 10c0/79c4ddc0fcad9c4f045f826f42edf54bcc921a29586a4558b0898277fa89fb47be95bc384c2253f493af7b29500c830da28341274527328f18eba9f58afa112c
  languageName: node
  linkType: hard

"dequal@npm:^2.0.3":
  version: 2.0.3
  resolution: "dequal@npm:2.0.3"
  checksum: 10c0/f98860cdf58b64991ae10205137c0e97d384c3a4edc7f807603887b7c4b850af1224a33d88012009f150861cbee4fa2d322c4cc04b9313bee312e47f6ecaa888
  languageName: node
  linkType: hard

"env-paths@npm:^2.2.0":
  version: 2.2.1
  resolution: "env-paths@npm:2.2.1"
  checksum: 10c0/285325677bf00e30845e330eec32894f5105529db97496ee3f598478e50f008c5352a41a30e5e72ec9de8a542b5a570b85699cd63bd2bc646dbcb9f311d83bc4
  languageName: node
  linkType: hard

"esbuild@npm:~0.28.0":
  version: 0.28.1
  resolution: "esbuild@npm:0.28.1"
  dependencies:
    "@esbuild/aix-ppc64": "npm:0.28.1"
    "@esbuild/android-arm": "npm:0.28.1"
    "@esbuild/android-arm64": "npm:0.28.1"
    "@esbuild/android-x64": "npm:0.28.1"
    "@esbuild/darwin-arm64": "npm:0.28.1"
    "@esbuild/darwin-x64": "npm:0.28.1"
    "@esbuild/freebsd-arm64": "npm:0.28.1"
    "@esbuild/freebsd-x64": "npm:0.28.1"
    "@esbuild/linux-arm": "npm:0.28.1"
    "@esbuild/linux-arm64": "npm:0.28.1"
    "@esbuild/linux-ia32": "npm:0.28.1"
    "@esbuild/linux-loong64": "npm:0.28.1"
    "@esbuild/linux-mips64el": "npm:0.28.1"
    "@esbuild/linux-ppc64": "npm:0.28.1"
    "@esbuild/linux-riscv64": "npm:0.28.1"
    "@esbuild/linux-s390x": "npm:0.28.1"
    "@esbuild/linux-x64": "npm:0.28.1"
    "@esbuild/netbsd-arm64": "npm:0.28.1"
    "@esbuild/netbsd-x64": "npm:0.28.1"
    "@esbuild/openbsd-arm64": "npm:0.28.1"
    "@esbuild/openbsd-x64": "npm:0.28.1"
    "@esbuild/openharmony-arm64": "npm:0.28.1"
    "@esbuild/sunos-x64": "npm:0.28.1"
    "@esbuild/win32-arm64": "npm:0.28.1"
    "@esbuild/win32-ia32": "npm:0.28.1"
    "@esbuild/win32-x64": "npm:0.28.1"
  dependenciesMeta:
    "@esbuild/aix-ppc64":
      optional: true
    "@esbuild/android-arm":
      optional: true
    "@esbuild/android-arm64":
      optional: true
    "@esbuild/android-x64":
      optional: true
    "@esbuild/darwin-arm64":
      optional: true
    "@esbuild/darwin-x64":
      optional: true
    "@esbuild/freebsd-arm64":
      optional: true
    "@esbuild/freebsd-x64":
      optional: true
    "@esbuild/linux-arm":
      optional: true
    "@esbuild/linux-arm64":
      optional: true
    "@esbuild/linux-ia32":
      optional: true
    "@esbuild/linux-loong64":
      optional: true
    "@esbuild/linux-mips64el":
      optional: true
    "@esbuild/linux-ppc64":
      optional: true
    "@esbuild/linux-riscv64":
      optional: true
    "@esbuild/linux-s390x":
      optional: true
    "@esbuild/linux-x64":
      optional: true
    "@esbuild/netbsd-arm64":
      optional: true
    "@esbuild/netbsd-x64":
      optional: true
    "@esbuild/openbsd-arm64":
      optional: true
    "@esbuild/openbsd-x64":
      optional: true
    "@esbuild/openharmony-arm64":
      optional: true
    "@esbuild/sunos-x64":
      optional: true
    "@esbuild/win32-arm64":
      optional: true
    "@esbuild/win32-ia32":
      optional: true
    "@esbuild/win32-x64":
      optional: true
  bin:
    esbuild: bin/esbuild
  checksum: 10c0/29cd456a79ce35ac2c7e05fe871330416b2c395c045d849653f843e51378d6e0d6e774d6dcd01b35f4e83238a29bf8decd04fcd34b3780c589a250b21e5f92bb
  languageName: node
  linkType: hard

"exponential-backoff@npm:^3.1.1":
  version: 3.1.3
  resolution: "exponential-backoff@npm:3.1.3"
  checksum: 10c0/77e3ae682b7b1f4972f563c6dbcd2b0d54ac679e62d5d32f3e5085feba20483cf28bd505543f520e287a56d4d55a28d7874299941faf637e779a1aa5994d1267
  languageName: node
  linkType: hard

"fast-decode-uri-component@npm:^1.0.1":
  version: 1.0.1
  resolution: "fast-decode-uri-component@npm:1.0.1"
  checksum: 10c0/039d50c2e99d64f999c3f2126c23fbf75a04a4117e218a149ca0b1d2aeb8c834b7b19d643b9d35d4eabce357189a6a94085f78cf48869e6e26cc59b036284bc3
  languageName: node
  linkType: hard

"fast-deep-equal@npm:^3.1.3":
  version: 3.1.3
  resolution: "fast-deep-equal@npm:3.1.3"
  checksum: 10c0/40dedc862eb8992c54579c66d914635afbec43350afbbe991235fdcb4e3a8d5af1b23ae7e79bef7d4882d0ecee06c3197488026998fb19f72dc95acff1d1b1d0
  languageName: node
  linkType: hard

"fast-json-stringify@npm:^6.0.0":
  version: 6.4.0
  resolution: "fast-json-stringify@npm:6.4.0"
  dependencies:
    "@fastify/merge-json-schemas": "npm:^0.2.0"
    ajv: "npm:^8.12.0"
    ajv-formats: "npm:^3.0.1"
    fast-uri: "npm:^3.0.0"
    json-schema-ref-resolver: "npm:^3.0.0"
    rfdc: "npm:^1.2.0"
  checksum: 10c0/283c2b7e7d1e40eb58c3b4d2714e76a650e6236d4be27e094408ffbfd8871691ad5a9dca124b3e2598852cd2ce288fd9509ed246ededa863f23eef3808aa6bce
  languageName: node
  linkType: hard

"fast-querystring@npm:^1.0.0":
  version: 1.1.2
  resolution: "fast-querystring@npm:1.1.2"
  dependencies:
    fast-decode-uri-component: "npm:^1.0.1"
  checksum: 10c0/e8223273a9b199722f760f5a047a77ad049a14bd444b821502cb8218f5925e3a5fffb56b64389bca73ab2ac6f1aa7aebbe4e203e5f6e53ff5978de97c0fde4e3
  languageName: node
  linkType: hard

"fast-uri@npm:^3.0.0, fast-uri@npm:^3.0.1":
  version: 3.1.2
  resolution: "fast-uri@npm:3.1.2"
  checksum: 10c0/5b35641895959f3f7ab7a7b1b5542bded159346f25ec9f256817b206d50b64eda5828e90d605a2e2fc645c90519a7259c2bab2c942ee728c88b88e5be21b090d
  languageName: node
  linkType: hard

"fastify@npm:^5.8.5":
  version: 5.8.5
  resolution: "fastify@npm:5.8.5"
  dependencies:
    "@fastify/ajv-compiler": "npm:^4.0.5"
    "@fastify/error": "npm:^4.0.0"
    "@fastify/fast-json-stringify-compiler": "npm:^5.0.0"
    "@fastify/proxy-addr": "npm:^5.0.0"
    abstract-logging: "npm:^2.0.1"
    avvio: "npm:^9.0.0"
    fast-json-stringify: "npm:^6.0.0"
    find-my-way: "npm:^9.0.0"
    light-my-request: "npm:^6.0.0"
    pino: "npm:^9.14.0 || ^10.1.0"
    process-warning: "npm:^5.0.0"
    rfdc: "npm:^1.3.1"
    secure-json-parse: "npm:^4.0.0"
    semver: "npm:^7.6.0"
    toad-cache: "npm:^3.7.0"
  checksum: 10c0/c12fb6cec8e9083d148edc49c99f75e518e28c1664b121085fc1392dc67cd2e132d21dd79e1ef37e1c77c5991b4854ac8850b8d5997691060ea4c13fb7421a0e
  languageName: node
  linkType: hard

"fastq@npm:^1.17.1":
  version: 1.20.1
  resolution: "fastq@npm:1.20.1"
  dependencies:
    reusify: "npm:^1.0.4"
  checksum: 10c0/e5dd725884decb1f11e5c822221d76136f239d0236f176fab80b7b8f9e7619ae57e6b4e5b73defc21e6b9ef99437ee7b545cff8e6c2c337819633712fa9d352e
  languageName: node
  linkType: hard

"fdir@npm:^6.5.0":
  version: 6.5.0
  resolution: "fdir@npm:6.5.0"
  peerDependencies:
    picomatch: ^3 || ^4
  peerDependenciesMeta:
    picomatch:
      optional: true
  checksum: 10c0/e345083c4306b3aed6cb8ec551e26c36bab5c511e99ea4576a16750ddc8d3240e63826cc624f5ae17ad4dc82e68a253213b60d556c11bfad064b7607847ed07f
  languageName: node
  linkType: hard

"find-my-way@npm:^9.0.0":
  version: 9.6.0
  resolution: "find-my-way@npm:9.6.0"
  dependencies:
    fast-deep-equal: "npm:^3.1.3"
    fast-querystring: "npm:^1.0.0"
    safe-regex2: "npm:^5.0.0"
  checksum: 10c0/d103e51a1e73e202e7533b2efc42e40c3618f8bd24a37cfa140da5e079c2baf5d5baeb01b2b8a7c104d680aa09c4b716851184f8ae103be374e8f46b17f6608d
  languageName: node
  linkType: hard

"fsevents@npm:~2.3.3":
  version: 2.3.3
  resolution: "fsevents@npm:2.3.3"
  dependencies:
    node-gyp: "npm:latest"
  checksum: 10c0/a1f0c44595123ed717febbc478aa952e47adfc28e2092be66b8ab1635147254ca6cfe1df792a8997f22716d4cbafc73309899ff7bfac2ac3ad8cf2e4ecc3ec60
  conditions: os=darwin
  languageName: node
  linkType: hard

"fsevents@patch:fsevents@npm%3A~2.3.3#optional!builtin<compat/fsevents>":
  version: 2.3.3
  resolution: "fsevents@patch:fsevents@npm%3A2.3.3#optional!builtin<compat/fsevents>::version=2.3.3&hash=df0bf1"
  dependencies:
    node-gyp: "npm:latest"
  conditions: os=darwin
  languageName: node
  linkType: hard

"graceful-fs@npm:^4.2.6":
  version: 4.2.11
  resolution: "graceful-fs@npm:4.2.11"
  checksum: 10c0/386d011a553e02bc594ac2ca0bd6d9e4c22d7fa8cfbfc448a6d148c59ea881b092db9dbe3547ae4b88e55f1b01f7c4a2ecc53b310c042793e63aa44cf6c257f2
  languageName: node
  linkType: hard

"ipaddr.js@npm:^2.1.0":
  version: 2.4.0
  resolution: "ipaddr.js@npm:2.4.0"
  checksum: 10c0/47c2f17677b40054ca50a09e1228cf818c0d02d4474c2e0e29232c6668b3c4d51a3cfc19d1e17897d7baf4d933b3111d6bdf5cfbe55ab184165469a75f2bf177
  languageName: node
  linkType: hard

"isexe@npm:^4.0.0":
  version: 4.0.0
  resolution: "isexe@npm:4.0.0"
  checksum: 10c0/5884815115bceac452877659a9c7726382531592f43dc29e5d48b7c4100661aed54018cb90bd36cb2eaeba521092570769167acbb95c18d39afdccbcca06c5ce
  languageName: node
  linkType: hard

"json-schema-ref-resolver@npm:^3.0.0":
  version: 3.0.0
  resolution: "json-schema-ref-resolver@npm:3.0.0"
  dependencies:
    dequal: "npm:^2.0.3"
  checksum: 10c0/0b6f4b66951ac0f6864949c08317cf0b7f7ae94e8da0b94e40df3561dc1a0b77a69b669d60aa1511b06aa18469203886eb2e89fd6bb3dcf0be46c329d69b0115
  languageName: node
  linkType: hard

"json-schema-traverse@npm:^1.0.0":
  version: 1.0.0
  resolution: "json-schema-traverse@npm:1.0.0"
  checksum: 10c0/71e30015d7f3d6dc1c316d6298047c8ef98a06d31ad064919976583eb61e1018a60a0067338f0f79cabc00d84af3fcc489bd48ce8a46ea165d9541ba17fb30c6
  languageName: node
  linkType: hard

"light-my-request@npm:^6.0.0":
  version: 6.6.0
  resolution: "light-my-request@npm:6.6.0"
  dependencies:
    cookie: "npm:^1.0.1"
    process-warning: "npm:^4.0.0"
    set-cookie-parser: "npm:^2.6.0"
  checksum: 10c0/1440853cd3822ab83fbb1be4456099082dec8e9e3a4ea35c9d8d7d17a7ab98c83ad0a4c39a73a8c2b31b9ca70c57506e5b7a929495c149463ca0daca0d90dc6f
  languageName: node
  linkType: hard

"memory-pager@npm:^1.0.2":
  version: 1.5.0
  resolution: "memory-pager@npm:1.5.0"
  checksum: 10c0/2596e80c99fee24f05bd8a20cde2ee899012c996f4ec361ac76ed6f009f34149d733ac6f76880106ccd6a66d062ad439357578d383d429df66ba1278f68806e9
  languageName: node
  linkType: hard

"minipass@npm:^7.0.4, minipass@npm:^7.1.2":
  version: 7.1.3
  resolution: "minipass@npm:7.1.3"
  checksum: 10c0/539da88daca16533211ea5a9ee98dc62ff5742f531f54640dd34429e621955e91cc280a91a776026264b7f9f6735947629f920944e9c1558369e8bf22eb33fbb
  languageName: node
  linkType: hard

"minizlib@npm:^3.1.0":
  version: 3.1.0
  resolution: "minizlib@npm:3.1.0"
  dependencies:
    minipass: "npm:^7.1.2"
  checksum: 10c0/5aad75ab0090b8266069c9aabe582c021ae53eb33c6c691054a13a45db3b4f91a7fb1bd79151e6b4e9e9a86727b522527c0a06ec7d45206b745d54cd3097bcec
  languageName: node
  linkType: hard

"mongodb-connection-string-url@npm:^7.0.0":
  version: 7.0.1
  resolution: "mongodb-connection-string-url@npm:7.0.1"
  dependencies:
    "@types/whatwg-url": "npm:^13.0.0"
    whatwg-url: "npm:^14.1.0"
  checksum: 10c0/0124edacc556bfb8d7b63b7fe7a1d9e641120fb614ccd40e656c9a948d308280956d41e375ccee01738e13d0fdccaf6d5a95e81b70f05b901e721fa5a9bebd2c
  languageName: node
  linkType: hard

"mongodb@npm:^7.4.0":
  version: 7.4.0
  resolution: "mongodb@npm:7.4.0"
  dependencies:
    "@mongodb-js/saslprep": "npm:^1.3.0"
    bson: "npm:^7.2.0"
    mongodb-connection-string-url: "npm:^7.0.0"
  peerDependencies:
    "@aws-sdk/credential-providers": ^3.806.0
    "@mongodb-js/zstd": ^7.0.0
    gcp-metadata: ^7.0.1
    kerberos: ^7.0.0
    mongodb-client-encryption: ">=7.0.0 <7.1.0"
    snappy: ^7.3.2
    socks: ^2.8.6
  peerDependenciesMeta:
    "@aws-sdk/credential-providers":
      optional: true
    "@mongodb-js/zstd":
      optional: true
    gcp-metadata:
      optional: true
    kerberos:
      optional: true
    mongodb-client-encryption:
      optional: true
    snappy:
      optional: true
    socks:
      optional: true
  checksum: 10c0/c48bb6ba149d3bab23a0e54b751d7702d00a40cf7374f58c021d3b5f869bdbdc790555a64af7d250e8013c19c4ea6260970c725b67d5dec61912b456bd0dbee0
  languageName: node
  linkType: hard

"node-gyp@npm:latest":
  version: 13.0.0
  resolution: "node-gyp@npm:13.0.0"
  dependencies:
    env-paths: "npm:^2.2.0"
    exponential-backoff: "npm:^3.1.1"
    graceful-fs: "npm:^4.2.6"
    nopt: "npm:^10.0.0"
    proc-log: "npm:^7.0.0"
    semver: "npm:^7.3.5"
    tar: "npm:^7.5.4"
    tinyglobby: "npm:^0.2.12"
    undici: "npm:^6.25.0"
    which: "npm:^7.0.0"
  bin:
    node-gyp: bin/node-gyp.js
  checksum: 10c0/e7525c427db2d16aa368b8947187de83083d2a8dda23e3e096a71c22ae637ac5bb8ed7cf6c871f1b9118cd2729dbfee4ff3a4245e2b79226900227b15831b492
  languageName: node
  linkType: hard

"nopt@npm:^10.0.0":
  version: 10.0.1
  resolution: "nopt@npm:10.0.1"
  dependencies:
    abbrev: "npm:^5.0.0"
  bin:
    nopt: bin/nopt.js
  checksum: 10c0/980d89257f9587f3e1f77877ddbf905d6aa3b738ec33e49a4fa1a059a0dd82eb28063982b150654a7ae9de386f2ead60e56172db7d37cf56de545f7392a2a26a
  languageName: node
  linkType: hard

"on-exit-leak-free@npm:^2.1.0":
  version: 2.1.2
  resolution: "on-exit-leak-free@npm:2.1.2"
  checksum: 10c0/faea2e1c9d696ecee919026c32be8d6a633a7ac1240b3b87e944a380e8a11dc9c95c4a1f8fb0568de7ab8db3823e790f12bda45296b1d111e341aad3922a0570
  languageName: node
  linkType: hard

"picomatch@npm:^4.0.4":
  version: 4.0.4
  resolution: "picomatch@npm:4.0.4"
  checksum: 10c0/e2c6023372cc7b5764719a5ffb9da0f8e781212fa7ca4bd0562db929df8e117460f00dff3cb7509dacfc06b86de924b247f504d0ce1806a37fac4633081466b0
  languageName: node
  linkType: hard

"pino-abstract-transport@npm:^3.0.0":
  version: 3.0.0
  resolution: "pino-abstract-transport@npm:3.0.0"
  dependencies:
    split2: "npm:^4.0.0"
  checksum: 10c0/4486e1b9508110aaf963d07741ac98d660b974dd51d8ad42077d215118e27cda20c64da46c07c926898d52540aab7c6b9c37dc0f5355c203bb1d6a72b5bd8d6c
  languageName: node
  linkType: hard

"pino-std-serializers@npm:^7.0.0":
  version: 7.1.0
  resolution: "pino-std-serializers@npm:7.1.0"
  checksum: 10c0/d158615aa93ebdeac2d3912ad4227a23ef78cf14229e886214771f581e96eff312257f2d6368c75b2fbf53e5024eda475d81305014f4ed1a6d5eeab9107f6ef0
  languageName: node
  linkType: hard

"pino@npm:^9.14.0 || ^10.1.0":
  version: 10.3.1
  resolution: "pino@npm:10.3.1"
  dependencies:
    "@pinojs/redact": "npm:^0.4.0"
    atomic-sleep: "npm:^1.0.0"
    on-exit-leak-free: "npm:^2.1.0"
    pino-abstract-transport: "npm:^3.0.0"
    pino-std-serializers: "npm:^7.0.0"
    process-warning: "npm:^5.0.0"
    quick-format-unescaped: "npm:^4.0.3"
    real-require: "npm:^0.2.0"
    safe-stable-stringify: "npm:^2.3.1"
    sonic-boom: "npm:^4.0.1"
    thread-stream: "npm:^4.0.0"
  bin:
    pino: bin.js
  checksum: 10c0/ae1c57f2baac85dd5d63a3500746d5ea1cfc4bfcbf356eaec94d42a782eeb80caa4d4614de43a036cf48e2aed46d855a7ff21b126f55a63811def52a894ef937
  languageName: node
  linkType: hard

"proc-log@npm:^7.0.0":
  version: 7.0.0
  resolution: "proc-log@npm:7.0.0"
  checksum: 10c0/b89c2d862604f35fec795477b0c7e376feab3ba0d4f4d291c4e959567442697cf451ac557d0623c1cc38af45a78128b983410f397a10c5d3a67f76c33de4754b
  languageName: node
  linkType: hard

"process-warning@npm:^4.0.0":
  version: 4.0.1
  resolution: "process-warning@npm:4.0.1"
  checksum: 10c0/577a268b9fd5c3d9f6dbb4348220099391d830905642845d591e7ee8b1e45043d98b7b9826a3c1379bdd1686cdfe0f6cf349cb812affc5853b662e6a9896579e
  languageName: node
  linkType: hard

"process-warning@npm:^5.0.0":
  version: 5.0.0
  resolution: "process-warning@npm:5.0.0"
  checksum: 10c0/941f48863d368ec161e0b5890ba0c6af94170078f3d6b5e915c19b36fb59edb0dc2f8e834d25e0d375a8bf368a49d490f080508842168832b93489d17843ec29
  languageName: node
  linkType: hard

"punycode@npm:^2.3.1":
  version: 2.3.1
  resolution: "punycode@npm:2.3.1"
  checksum: 10c0/14f76a8206bc3464f794fb2e3d3cc665ae416c01893ad7a02b23766eb07159144ee612ad67af5e84fa4479ccfe67678c4feb126b0485651b302babf66f04f9e9
  languageName: node
  linkType: hard

"quetzalcoatl-server@workspace:.":
  version: 0.0.0-use.local
  resolution: "quetzalcoatl-server@workspace:."
  dependencies:
    "@types/node": "npm:^26.0.1"
    fastify: "npm:^5.8.5"
    mongodb: "npm:^7.4.0"
    tsx: "npm:^4.22.4"
    typescript: "npm:^6.0.3"
  languageName: unknown
  linkType: soft

"quick-format-unescaped@npm:^4.0.3":
  version: 4.0.4
  resolution: "quick-format-unescaped@npm:4.0.4"
  checksum: 10c0/fe5acc6f775b172ca5b4373df26f7e4fd347975578199e7d74b2ae4077f0af05baa27d231de1e80e8f72d88275ccc6028568a7a8c9ee5e7368ace0e18eff93a4
  languageName: node
  linkType: hard

"real-require@npm:^0.2.0":
  version: 0.2.0
  resolution: "real-require@npm:0.2.0"
  checksum: 10c0/23eea5623642f0477412ef8b91acd3969015a1501ed34992ada0e3af521d3c865bb2fe4cdbfec5fe4b505f6d1ef6a03e5c3652520837a8c3b53decff7e74b6a0
  languageName: node
  linkType: hard

"real-require@npm:^1.0.0":
  version: 1.0.0
  resolution: "real-require@npm:1.0.0"
  checksum: 10c0/74d44b360b8b662d29c646f4688da462c4b10243b11d22ff9635395e81951a9c1ed349393411c4911ca6f3474c3e10e812bf4767052706abb863ba59bde0813b
  languageName: node
  linkType: hard

"require-from-string@npm:^2.0.2":
  version: 2.0.2
  resolution: "require-from-string@npm:2.0.2"
  checksum: 10c0/aaa267e0c5b022fc5fd4eef49d8285086b15f2a1c54b28240fdf03599cbd9c26049fee3eab894f2e1f6ca65e513b030a7c264201e3f005601e80c49fb2937ce2
  languageName: node
  linkType: hard

"ret@npm:~0.5.0":
  version: 0.5.0
  resolution: "ret@npm:0.5.0"
  checksum: 10c0/220868b194f87bf1998e32e409086eec6b39e860c052bf267f8ad4d0131706a9773d45fd3f91acfb1a7c928fce002b694ab86fdba90bc8d4b8df68fa8645c5cc
  languageName: node
  linkType: hard

"reusify@npm:^1.0.4":
  version: 1.1.0
  resolution: "reusify@npm:1.1.0"
  checksum: 10c0/4eff0d4a5f9383566c7d7ec437b671cc51b25963bd61bf127c3f3d3f68e44a026d99b8d2f1ad344afff8d278a8fe70a8ea092650a716d22287e8bef7126bb2fa
  languageName: node
  linkType: hard

"rfdc@npm:^1.2.0, rfdc@npm:^1.3.1":
  version: 1.4.1
  resolution: "rfdc@npm:1.4.1"
  checksum: 10c0/4614e4292356cafade0b6031527eea9bc90f2372a22c012313be1dcc69a3b90c7338158b414539be863fa95bfcb2ddcd0587be696841af4e6679d85e62c060c7
  languageName: node
  linkType: hard

"safe-regex2@npm:^5.0.0":
  version: 5.1.1
  resolution: "safe-regex2@npm:5.1.1"
  dependencies:
    ret: "npm:~0.5.0"
  bin:
    safe-regex2: bin/safe-regex2.js
  checksum: 10c0/65c59fb33de8e500fa1d7254cc7f9b6b8b932f925bcfc8d92273ec024c259052a2b3c975bbf5a9f9dd49cd3b0fa394fb56f36d6b10e394404056edfd1223fd17
  languageName: node
  linkType: hard

"safe-stable-stringify@npm:^2.3.1":
  version: 2.5.0
  resolution: "safe-stable-stringify@npm:2.5.0"
  checksum: 10c0/baea14971858cadd65df23894a40588ed791769db21bafb7fd7608397dbdce9c5aac60748abae9995e0fc37e15f2061980501e012cd48859740796bea2987f49
  languageName: node
  linkType: hard

"secure-json-parse@npm:^4.0.0":
  version: 4.1.0
  resolution: "secure-json-parse@npm:4.1.0"
  checksum: 10c0/52b3f8125ea974db1333a5b63e6a1df550c36c0d5f9a263911d6732812bd02e938b30be324dcbbb9da3ef9bf5a84849e0dd911f56544003d3c09e8eee12504de
  languageName: node
  linkType: hard

"semver@npm:^7.3.5, semver@npm:^7.6.0":
  version: 7.8.5
  resolution: "semver@npm:7.8.5"
  bin:
    semver: bin/semver.js
  checksum: 10c0/b1f3127a5be8125a94f37188b361c212466c292c6910adce3ec106cff5dc211ccaedc4739c11bb70fda59d6fc1f040a9bca289f4e093451521a2372e5231fe0c
  languageName: node
  linkType: hard

"set-cookie-parser@npm:^2.6.0":
  version: 2.7.2
  resolution: "set-cookie-parser@npm:2.7.2"
  checksum: 10c0/4381a9eb7ee951dfe393fe7aacf76b9a3b4e93a684d2162ab35594fa4053cc82a4d7d7582bf397718012c9adcf839b8cd8f57c6c42901ea9effe33c752da4a45
  languageName: node
  linkType: hard

"sonic-boom@npm:^4.0.1":
  version: 4.2.1
  resolution: "sonic-boom@npm:4.2.1"
  dependencies:
    atomic-sleep: "npm:^1.0.0"
  checksum: 10c0/f374e9c3dfe194d706d8ef8aed4e28bc10638f9952fd19bcbddf2cef05d53334ad9e9dca3e01e24e88dd88fb278c6b8c5b2ae5002494b289c4914aaea3d9eae9
  languageName: node
  linkType: hard

"sparse-bitfield@npm:^3.0.3":
  version: 3.0.3
  resolution: "sparse-bitfield@npm:3.0.3"
  dependencies:
    memory-pager: "npm:^1.0.2"
  checksum: 10c0/248c6ff7b5e354735e1daac4059222a29c9d291dfcf265daf675d13515eeaac454cfcccd687c8d134f86698b39abd7ad4d7434f7272dd6f8e41a00f21aae4194
  languageName: node
  linkType: hard

"split2@npm:^4.0.0":
  version: 4.2.0
  resolution: "split2@npm:4.2.0"
  checksum: 10c0/b292beb8ce9215f8c642bb68be6249c5a4c7f332fc8ecadae7be5cbdf1ea95addc95f0459ef2e7ad9d45fd1064698a097e4eb211c83e772b49bc0ee423e91534
  languageName: node
  linkType: hard

"tar@npm:^7.5.4":
  version: 7.5.17
  resolution: "tar@npm:7.5.17"
  dependencies:
    "@isaacs/fs-minipass": "npm:^4.0.0"
    chownr: "npm:^3.0.0"
    minipass: "npm:^7.1.2"
    minizlib: "npm:^3.1.0"
    yallist: "npm:^5.0.0"
  checksum: 10c0/794e80834d6fa29a526d7c6dc82684cd1d0fbc4b7dd4a86c730946a996314149b60e29f1bff8623936bb1442da7de241890c16ce6268f16cc5ef2aa5b9615953
  languageName: node
  linkType: hard

"thread-stream@npm:^4.0.0":
  version: 4.2.0
  resolution: "thread-stream@npm:4.2.0"
  dependencies:
    real-require: "npm:^1.0.0"
  checksum: 10c0/2d55ace44785a2547b9b15c61c1d2db6d5b3712e21ddb1be23b1f5d19387ac8f153f24767bfae03b3f7c8651eb83758e1fcbb954e1077336b562d2d2cd723137
  languageName: node
  linkType: hard

"tinyglobby@npm:^0.2.12":
  version: 0.2.17
  resolution: "tinyglobby@npm:0.2.17"
  dependencies:
    fdir: "npm:^6.5.0"
    picomatch: "npm:^4.0.4"
  checksum: 10c0/7f7bb0f197c88bc4b20c231e0deca4240ca3bf313a88f5a7fee93a872b84966a4d50220947c0455ad07a60b3b360961c5b7fd979222aeb716a9f99b412002e4c
  languageName: node
  linkType: hard

"toad-cache@npm:^3.7.0":
  version: 3.7.1
  resolution: "toad-cache@npm:3.7.1"
  checksum: 10c0/22efc940723bbe30b8386af82ed0824263567b84d37f29f57651ad28d9aef823b678f07f6d6c2e142448d5f351f89e15e05f37f59e2c7f1d183294b8d32f93fb
  languageName: node
  linkType: hard

"tr46@npm:^5.1.0":
  version: 5.1.1
  resolution: "tr46@npm:5.1.1"
  dependencies:
    punycode: "npm:^2.3.1"
  checksum: 10c0/ae270e194d52ec67ebd695c1a42876e0f19b96e4aca2ab464ab1d9d17dc3acd3e18764f5034c93897db73421563be27c70c98359c4501136a497e46deda5d5ec
  languageName: node
  linkType: hard

"tsx@npm:^4.22.4":
  version: 4.22.4
  resolution: "tsx@npm:4.22.4"
  dependencies:
    esbuild: "npm:~0.28.0"
    fsevents: "npm:~2.3.3"
  dependenciesMeta:
    fsevents:
      optional: true
  bin:
    tsx: dist/cli.mjs
  checksum: 10c0/3df31eb4929ff501b40b122163705b201ea57a492581e14312ae95d21eb015b33ded46a3fd564f9c89a0e8083186987fc4f10dd38182c4ad6241605974f6c927
  languageName: node
  linkType: hard

"typescript@npm:^6.0.3":
  version: 6.0.3
  resolution: "typescript@npm:6.0.3"
  bin:
    tsc: bin/tsc
    tsserver: bin/tsserver
  checksum: 10c0/4a25ff5045b984370f48f196b3a0120779b1b343d40b9a68d114ea5e5fff099809b2bb777576991a63a5cd59cf7bffd96ff6fe10afcefbcb8bd6fb96ad4b6606
  languageName: node
  linkType: hard

"typescript@patch:typescript@npm%3A^6.0.3#optional!builtin<compat/typescript>":
  version: 6.0.3
  resolution: "typescript@patch:typescript@npm%3A6.0.3#optional!builtin<compat/typescript>::version=6.0.3&hash=5786d5"
  bin:
    tsc: bin/tsc
    tsserver: bin/tsserver
  checksum: 10c0/2f25c74e65663c248fa1ade2b8459d9ce5372ff9dad07067310f132966ebec1d93f6c42f0baf77a6b6a7a91460463f708e6887013aaade22111037457c6b25df
  languageName: node
  linkType: hard

"undici-types@npm:~8.3.0":
  version: 8.3.0
  resolution: "undici-types@npm:8.3.0"
  checksum: 10c0/c8aa7e2fbebfce519654dafadc0ece59be888d2ccaf180fb4495da875e7b536d2456345c384069c7e6f3e9c9ab7435f074957da306f142343eee86ff8048855a
  languageName: node
  linkType: hard

"undici@npm:^6.25.0":
  version: 6.27.0
  resolution: "undici@npm:6.27.0"
  checksum: 10c0/f88c3dae3957dbf9d93cb481440aced317bd3c4941b5914fea5efba516d51138988cdb5c76006f0bb1337e41d56c3443351055d492e73af2428521c37ba2a76f
  languageName: node
  linkType: hard

"webidl-conversions@npm:^7.0.0":
  version: 7.0.0
  resolution: "webidl-conversions@npm:7.0.0"
  checksum: 10c0/228d8cb6d270c23b0720cb2d95c579202db3aaf8f633b4e9dd94ec2000a04e7e6e43b76a94509cdb30479bd00ae253ab2371a2da9f81446cc313f89a4213a2c4
  languageName: node
  linkType: hard

"whatwg-url@npm:^14.1.0":
  version: 14.2.0
  resolution: "whatwg-url@npm:14.2.0"
  dependencies:
    tr46: "npm:^5.1.0"
    webidl-conversions: "npm:^7.0.0"
  checksum: 10c0/f746fc2f4c906607d09537de1227b13f9494c171141e5427ed7d2c0dd0b6a48b43d8e71abaae57d368d0c06b673fd8ec63550b32ad5ed64990c7b0266c2b4272
  languageName: node
  linkType: hard

"which@npm:^7.0.0":
  version: 7.0.0
  resolution: "which@npm:7.0.0"
  dependencies:
    isexe: "npm:^4.0.0"
  bin:
    node-which: bin/which.js
  checksum: 10c0/ca0b54f198f78bbc4b7c02e34bda8d335cb352e0adb4cbca1c37b1a957af3a879a82c4c27ca6525bc942f548d8b64f816ef6528360af9f3de55ffb9b979b620d
  languageName: node
  linkType: hard

"yallist@npm:^5.0.0":
  version: 5.0.0
  resolution: "yallist@npm:5.0.0"
  checksum: 10c0/a499c81ce6d4a1d260d4ea0f6d49ab4da09681e32c3f0472dee16667ed69d01dae63a3b81745a24bd78476ec4fcf856114cb4896ace738e01da34b2c42235416
  languageName: node
  linkType: hard
